
Microsoft Visual Studio Solution File, Format Version 12.00
# Visual Studio 15
VisualStudioVersion = 15.0.28307.902
MinimumVisualStudioVersion = 10.0.40219.1
Project("{2150E333-8FDC-42A3-9474-1A3956D46DE8}") = "src", "src", "{BB924250-9216-4A12-A371-670E58BC056E}"
EndProject
Project("{9A19103F-16F7-4668-BE54-9A1E7A4F7556}") = "HB.Data", "HB.Data\HB.Data.csproj", "{03BEC354-3B8B-4D3F-AE4A-CAC05B8B4C40}"
EndProject
Project("{9A19103F-16F7-4668-BE54-9A1E7A4F7556}") = "HB.Models", "HB.Model\HB.Models.csproj", "{74CBC0CF-0573-42CE-B9DE-84BFB6BD4234}"
EndProject
Project("{9A19103F-16F7-4668-BE54-9A1E7A4F7556}") = "HB.Utility", "HB.Utility\HB.Utility.csproj", "{714CD8A7-E117-456E-A48B-F2C5BF40F256}"
EndProject
Project("{9A19103F-16F7-4668-BE54-9A1E7A4F7556}") = "HB.Admin", "HB.Admin\HB.Admin.csproj", "{6B4CC334-19D7-4FD5-9CD9-407FBEA1004F}"
EndProject
Project("{9A19103F-16F7-4668-BE54-9A1E7A4F7556}") = "HB.Api", "HB.Api\HB.Api.csproj", "{F9E9C608-5977-447D-B47F-68CF05951422}"
EndProject
Project("{2150E333-8FDC-42A3-9474-1A3956D46DE8}") = "reference", "reference", "{B5984B33-DC08-479C-9412-E7021246A1F6}"
EndProject
Project("{FAE04EC0-301F-11D3-BF4B-00C04F79EFBC}") = "Note", "..\reference\Note\Note.csproj", "{4C8BCAB2-1CC6-4D8E-9B09-2439DC38C0A2}"
EndProject
Global
	GlobalSection(SolutionConfigurationPlatforms) = preSolution
		Debug|Any CPU = Debug|Any CPU
		Release|Any CPU = Release|Any CPU
	EndGlobalSection
	GlobalSection(ProjectConfigurationPlatforms) = postSolution
		{03BEC354-3B8B-4D3F-AE4A-CAC05B8B4C40}.Debug|Any CPU.ActiveCfg = Debug|Any CPU
		{03BEC354-3B8B-4D3F-AE4A-CAC05B8B4C40}.Debug|Any CPU.Build.0 = Debug|Any CPU
		{03BEC354-3B8B-4D3F-AE4A-CAC05B8B4C40}.Release|Any CPU.ActiveCfg = Release|Any CPU
		{03BEC354-3B8B-4D3F-AE4A-CAC05B8B4C40}.Release|Any CPU.Build.0 = Release|Any CPU
		{74CBC0CF-0573-42CE-B9DE-84BFB6BD4234}.Debug|Any CPU.ActiveCfg = Debug|Any CPU
		{74CBC0CF-0573-42CE-B9DE-84BFB6BD4234}.Debug|Any CPU.Build.0 = Debug|Any CPU
		{74CBC0CF-0573-42CE-B9DE-84BFB6BD4234}.Release|Any CPU.ActiveCfg = Release|Any CPU
		{74CBC0CF-0573-42CE-B9DE-84BFB6BD4234}.Release|Any CPU.Build.0 = Release|Any CPU
		{714CD8A7-E117-456E-A48B-F2C5BF40F256}.Debug|Any CPU.ActiveCfg = Debug|Any CPU
		{714CD8A7-E117-456E-A48B-F2C5BF40F256}.Debug|Any CPU.Build.0 = Debug|Any CPU
		{714CD8A7-E117-456E-A48B-F2C5BF40F256}.Release|Any CPU.ActiveCfg = Release|Any CPU
		{714CD8A7-E117-456E-A48B-F2C5BF40F256}.Release|Any CPU.Build.0 = Release|Any CPU
		{6B4CC334-19D7-4FD5-9CD9-407FBEA1004F}.Debug|Any CPU.ActiveCfg = Debug|Any CPU
		{6B4CC334-19D7-4FD5-9CD9-407FBEA1004F}.Debug|Any CPU.Build.0 = Debug|Any CPU
		{6B4CC334-19D7-4FD5-9CD9-407FBEA1004F}.Release|Any CPU.ActiveCfg = Release|Any CPU
		{6B4CC334-19D7-4FD5-9CD9-407FBEA1004F}.Release|Any CPU.Build.0 = Release|Any CPU
		{F9E9C608-5977-447D-B47F-68CF05951422}.Debug|Any CPU.ActiveCfg = Debug|Any CPU
		{F9E9C608-5977-447D-B47F-68CF05951422}.Debug|Any CPU.Build.0 = Debug|Any CPU
		{F9E9C608-5977-447D-B47F-68CF05951422}.Release|Any CPU.ActiveCfg = Release|Any CPU
		{F9E9C608-5977-447D-B47F-68CF05951422}.Release|Any CPU.Build.0 = Release|Any CPU
		{4C8BCAB2-1CC6-4D8E-9B09-2439DC38C0A2}.Debug|Any CPU.ActiveCfg = Debug|Any CPU
		{4C8BCAB2-1CC6-4D8E-9B09-2439DC38C0A2}.Debug|Any CPU.Build.0 = Debug|Any CPU
		{4C8BCAB2-1CC6-4D8E-9B09-2439DC38C0A2}.Release|Any CPU.ActiveCfg = Release|Any CPU
		{4C8BCAB2-1CC6-4D8E-9B09-2439DC38C0A2}.Release|Any CPU.Build.0 = Release|Any CPU
	EndGlobalSection
	GlobalSection(SolutionProperties) = preSolution
		HideSolutionNode = FALSE
	EndGlobalSection
	GlobalSection(NestedProjects) = preSolution
		{03BEC354-3B8B-4D3F-AE4A-CAC05B8B4C40} = {BB924250-9216-4A12-A371-670E58BC056E}
		{74CBC0CF-0573-42CE-B9DE-84BFB6BD4234} = {BB924250-9216-4A12-A371-670E58BC056E}
		{714CD8A7-E117-456E-A48B-F2C5BF40F256} = {BB924250-9216-4A12-A371-670E58BC056E}
		{6B4CC334-19D7-4FD5-9CD9-407FBEA1004F} = {BB924250-9216-4A12-A371-670E58BC056E}
		{F9E9C608-5977-447D-B47F-68CF05951422} = {BB924250-9216-4A12-A371-670E58BC056E}
		{4C8BCAB2-1CC6-4D8E-9B09-2439DC38C0A2} = {B5984B33-DC08-479C-9412-E7021246A1F6}
	EndGlobalSection
	GlobalSection(ExtensibilityGlobals) = postSolution
		SolutionGuid = {8CD5113F-3598-410B-9AD4-57D4B9858FB3}
	EndGlobalSection
EndGlobal
